
Microsoft Visual Studio Solution File, Format Version 11.00
# Visual Studio 2010
Project("{FAE04EC0-301F-11D3-BF4B-00C04F79EFBC}") = "Ass4", "Assembly-CSharp.csproj", "{61AC1B1E-4C6B-F7B3-6C6B-DDE419E31DD3}"
EndProject
Project("{FAE04EC0-301F-11D3-BF4B-00C04F79EFBC}") = "Ass4", "Assembly-CSharp-Editor.csproj", "{57FCF9C3-A80B-D52D-EA91-BB9EC5ABE1D7}"
EndProject
Global
	GlobalSection(SolutionConfigurationPlatforms) = preSolution
		Debug|Any CPU = Debug|Any CPU
		Release|Any CPU = Release|Any CPU
	EndGlobalSection
	GlobalSection(ProjectConfigurationPlatforms) = postSolution
		{61AC1B1E-4C6B-F7B3-6C6B-DDE419E31DD3}.Debug|Any CPU.ActiveCfg = Debug|Any CPU
		{61AC1B1E-4C6B-F7B3-6C6B-DDE419E31DD3}.Debug|Any CPU.Build.0 = Debug|Any CPU
		{61AC1B1E-4C6B-F7B3-6C6B-DDE419E31DD3}.Release|Any CPU.ActiveCfg = Release|Any CPU
		{61AC1B1E-4C6B-F7B3-6C6B-DDE419E31DD3}.Release|Any CPU.Build.0 = Release|Any CPU
		{57FCF9C3-A80B-D52D-EA91-BB9EC5ABE1D7}.Debug|Any CPU.ActiveCfg = Debug|Any CPU
		{57FCF9C3-A80B-D52D-EA91-BB9EC5ABE1D7}.Debug|Any CPU.Build.0 = Debug|Any CPU
		{57FCF9C3-A80B-D52D-EA91-BB9EC5ABE1D7}.Release|Any CPU.ActiveCfg = Release|Any CPU
		{57FCF9C3-A80B-D52D-EA91-BB9EC5ABE1D7}.Release|Any CPU.Build.0 = Release|Any CPU
	EndGlobalSection
	GlobalSection(SolutionProperties) = preSolution
		HideSolutionNode = FALSE
	EndGlobalSection
	GlobalSection(MonoDevelopProperties) = preSolution
		StartupItem = Assembly-CSharp.csproj
	EndGlobalSection
EndGlobal
